
Microsoft Visual Studio Solution File, Format Version 12.00
# Visual Studio Version 16
VisualStudioVersion = 16.0.32228.343
MinimumVisualStudioVersion = 10.0.40219.1
Project("{8BC9CEB8-8B4A-11D0-8D11-00A0C91BC942}") = "Onsens", "Onsens\Onsens.vcxproj", "{9D8F6B66-AF7E-4E7B-9987-587A4EF642CB}"
EndProject
Global
	GlobalSection(SolutionConfigurationPlatforms) = preSolution
		Debug|x64 = Debug|x64
		Debug|x86 = Debug|x86
		Release|x64 = Release|x64
		Release|x86 = Release|x86
	EndGlobalSection
	GlobalSection(ProjectConfigurationPlatforms) = postSolution
		{9D8F6B66-AF7E-4E7B-9987-587A4EF642CB}.Debug|x64.ActiveCfg = Debug|x64
		{9D8F6B66-AF7E-4E7B-9987-587A4EF642CB}.Debug|x64.Build.0 = Debug|x64
		{9D8F6B66-AF7E-4E7B-9987-587A4EF642CB}.Debug|x86.ActiveCfg = Debug|Win32
		{9D8F6B66-AF7E-4E7B-9987-587A4EF642CB}.Debug|x86.Build.0 = Debug|Win32
		{9D8F6B66-AF7E-4E7B-9987-587A4EF642CB}.Release|x64.ActiveCfg = Release|x64
		{9D8F6B66-AF7E-4E7B-9987-587A4EF642CB}.Release|x64.Build.0 = Release|x64
		{9D8F6B66-AF7E-4E7B-9987-587A4EF642CB}.Release|x86.ActiveCfg = Release|Win32
		{9D8F6B66-AF7E-4E7B-9987-587A4EF642CB}.Release|x86.Build.0 = Release|Win32
	EndGlobalSection
	GlobalSection(SolutionProperties) = preSolution
		HideSolutionNode = FALSE
	EndGlobalSection
	GlobalSection(ExtensibilityGlobals) = postSolution
		SolutionGuid = {917FE2FD-58BE-4B2C-A4C1-A40D17E9C0FF}
	EndGlobalSection
EndGlobal
